
Microsoft Visual Studio Solution File, Format Version 12.00
# Visual Studio 15
VisualStudioVersion = 15.0.27703.2026
MinimumVisualStudioVersion = 10.0.40219.1
Project("{FAE04EC0-301F-11D3-BF4B-00C04F79EFBC}") = "TpsAppLogger", "TpsAppLogger\TpsAppLogger.csproj", "{B9218D3E-4115-43B5-98FD-2AEE36CB5E3F}"
EndProject
Project("{FAE04EC0-301F-11D3-BF4B-00C04F79EFBC}") = "TpsAppLogger.Tests", "TpsAppLogger.Tests\TpsAppLogger.Tests.csproj", "{DF52B03A-610A-44CA-8492-8C37FD91AB10}"
EndProject
Global
	GlobalSection(SolutionConfigurationPlatforms) = preSolution
		Debug|Any CPU = Debug|Any CPU
		Release|Any CPU = Release|Any CPU
	EndGlobalSection
	GlobalSection(ProjectConfigurationPlatforms) = postSolution
		{B9218D3E-4115-43B5-98FD-2AEE36CB5E3F}.Debug|Any CPU.ActiveCfg = Debug|Any CPU
		{B9218D3E-4115-43B5-98FD-2AEE36CB5E3F}.Debug|Any CPU.Build.0 = Debug|Any CPU
		{B9218D3E-4115-43B5-98FD-2AEE36CB5E3F}.Release|Any CPU.ActiveCfg = Release|Any CPU
		{B9218D3E-4115-43B5-98FD-2AEE36CB5E3F}.Release|Any CPU.Build.0 = Release|Any CPU
		{DF52B03A-610A-44CA-8492-8C37FD91AB10}.Debug|Any CPU.ActiveCfg = Debug|Any CPU
		{DF52B03A-610A-44CA-8492-8C37FD91AB10}.Debug|Any CPU.Build.0 = Debug|Any CPU
		{DF52B03A-610A-44CA-8492-8C37FD91AB10}.Release|Any CPU.ActiveCfg = Release|Any CPU
		{DF52B03A-610A-44CA-8492-8C37FD91AB10}.Release|Any CPU.Build.0 = Release|Any CPU
	EndGlobalSection
	GlobalSection(SolutionProperties) = preSolution
		HideSolutionNode = FALSE
	EndGlobalSection
	GlobalSection(ExtensibilityGlobals) = postSolution
		SolutionGuid = {3824DD33-725D-4799-8592-6D6B8E198DDB}
	EndGlobalSection
EndGlobal
